
Microsoft Visual Studio Solution File, Format Version 12.00
# Visual Studio Version 17
VisualStudioVersion = 17.5.002.0
MinimumVisualStudioVersion = 10.0.40219.1
Project("{9A19103F-16F7-4668-BE54-9A1E7A4F7556}") = "GrpcPersonServer", "GrpcPersonServer.csproj", "{FEF3CBBA-9AC6-4C7F-B36B-9B9719327F2F}"
EndProject
Global
	GlobalSection(SolutionConfigurationPlatforms) = preSolution
		Debug|Any CPU = Debug|Any CPU
		Release|Any CPU = Release|Any CPU
	EndGlobalSection
	GlobalSection(ProjectConfigurationPlatforms) = postSolution
		{FEF3CBBA-9AC6-4C7F-B36B-9B9719327F2F}.Debug|Any CPU.ActiveCfg = Debug|Any CPU
		{FEF3CBBA-9AC6-4C7F-B36B-9B9719327F2F}.Debug|Any CPU.Build.0 = Debug|Any CPU
		{FEF3CBBA-9AC6-4C7F-B36B-9B9719327F2F}.Release|Any CPU.ActiveCfg = Release|Any CPU
		{FEF3CBBA-9AC6-4C7F-B36B-9B9719327F2F}.Release|Any CPU.Build.0 = Release|Any CPU
	EndGlobalSection
	GlobalSection(SolutionProperties) = preSolution
		HideSolutionNode = FALSE
	EndGlobalSection
	GlobalSection(ExtensibilityGlobals) = postSolution
		SolutionGuid = {4F4569F5-A823-47F7-A92C-722D0546731B}
	EndGlobalSection
EndGlobal
